# This file is automatically @generated by Cargo.
# It is not intended for manual editing.
[[package]]
name = "aho-corasick"
version = "0.7.13"
source = "registry+https://github.com/rust-lang/crates.io-index"
checksum = "043164d8ba5c4c3035fec9bbee8647c0261d788f3474306f93bb65901cae0e86"
dependencies = [
 "memchr",
]

[[package]]
name = "anyhow"
version = "1.0.32"
source = "registry+https://github.com/rust-lang/crates.io-index"
checksum = "6b602bfe940d21c130f3895acd65221e8a61270debe89d628b9cb4e3ccb8569b"

[[package]]
name = "arc-swap"
version = "0.4.7"
source = "registry+https://github.com/rust-lang/crates.io-index"
checksum = "4d25d88fd6b8041580a654f9d0c581a047baee2b3efee13275f2fc392fc75034"

[[package]]
name = "argh"
version = "0.1.3"
source = "registry+https://github.com/rust-lang/crates.io-index"
checksum = "ca1877e24cecacd700d469066e0160c4f8497cc5635367163f50c8beec820154"
dependencies = [
 "argh_derive",
 "argh_shared",
]

[[package]]
name = "argh_derive"
version = "0.1.1"
source = "registry+https://github.com/rust-lang/crates.io-index"
checksum = "e742194e0f43fc932bcb801708c2b279d3ec8f527e3acda05a6a9f342c5ef764"
dependencies = [
 "argh_shared",
 "heck",
 "proc-macro2",
 "quote",
 "syn",
]

[[package]]
name = "argh_shared"
version = "0.1.1"
source = "registry+https://github.com/rust-lang/crates.io-index"
checksum = "e1ba68f4276a778591e36a0c348a269888f3a177c8d2054969389e3b59611ff5"

[[package]]
name = "async-barrier"
version = "1.0.1"
source = "registry+https://github.com/rust-lang/crates.io-index"
checksum = "c06293698675eb72e1155867e5982f199d6b6c230dca35bc5ffd9852f470c22a"
dependencies = [
 "async-mutex",
 "event-listener",
]

[[package]]
name = "async-channel"
version = "1.4.2"
source = "registry+https://github.com/rust-lang/crates.io-index"
checksum = "21279cfaa4f47df10b1816007e738ca3747ef2ee53ffc51cdbf57a8bb266fee3"
dependencies = [
 "concurrent-queue",
 "event-listener",
 "futures-core",
]

[[package]]
name = "async-executor"
version = "1.1.1"
source = "registry+https://github.com/rust-lang/crates.io-index"
checksum = "a831e74aa1937d3bbd3a356f34c23dbc6b6f0abc5160bd5484a9f75d5e76aea8"
dependencies = [
 "async-task",
 "concurrent-queue",
 "fastrand",
 "futures-lite",
 "once_cell",
]

[[package]]
name = "async-fs"
version = "1.3.0"
source = "registry+https://github.com/rust-lang/crates.io-index"
checksum = "e3572236ba37147ca2b674a0bd5afd20aec0cd925ab125ab6fad6543960f9002"
dependencies = [
 "blocking",
 "futures-lite",
]

[[package]]
name = "async-io"
version = "1.1.2"
source = "registry+https://github.com/rust-lang/crates.io-index"
checksum = "64c629684e697f58c0e99e5e2d84a840e3b336afbcfdbac7b44c3b1e222c2fd8"
dependencies = [
 "concurrent-queue",
 "fastrand",
 "futures-lite",
 "log",
 "nb-connect",
 "once_cell",
 "parking",
 "polling",
 "vec-arena",
 "waker-fn",
]

[[package]]
name = "async-lock"
version = "2.1.3"
source = "registry+https://github.com/rust-lang/crates.io-index"
checksum = "ab3ad7fb4345397e57c19566844b0eba274b92e5d2d2791bb0664cc441697b95"
dependencies = [
 "async-barrier",
 "async-mutex",
 "async-rwlock",
 "async-semaphore",
]

[[package]]
name = "async-mutex"
version = "1.3.0"
source = "registry+https://github.com/rust-lang/crates.io-index"
checksum = "66941c2577c4fa351e4ce5fdde8f86c69b88d623f3b955be1bc7362a23434632"
dependencies = [
 "event-listener",
]

[[package]]
name = "async-net"
version = "1.3.0"
source = "registry+https://github.com/rust-lang/crates.io-index"
checksum = "a48af5438be856056bdeb6c5d895148a715be5915fccee49d1e5b50851dc9b8b"
dependencies = [
 "async-io",
 "blocking",
 "futures-lite",
]

[[package]]
name = "async-process"
version = "1.0.0"
source = "registry+https://github.com/rust-lang/crates.io-index"
checksum = "0bb915df28b8309139bd9c9c700d84c20e5c21385d05378caa84912332d0f6a1"
dependencies = [
 "async-io",
 "blocking",
 "cfg-if",
 "event-listener",
 "futures-lite",
 "once_cell",
 "signal-hook",
 "winapi",
]

[[package]]
name = "async-rwlock"
version = "1.1.0"
source = "registry+https://github.com/rust-lang/crates.io-index"
checksum = "6f8978b5ae008b5177da07a1bf1bfbe428f9bdb970c3fca0e92ed1c1930d7f34"
dependencies = [
 "async-mutex",
 "event-listener",
]

[[package]]
name = "async-semaphore"
version = "1.1.0"
source = "registry+https://github.com/rust-lang/crates.io-index"
checksum = "66d2be5973230861689460806b8db059bbd8bcb507cabaa71646ae89f5b2f2ee"
dependencies = [
 "event-listener",
]

[[package]]
name = "async-task"
version = "3.0.0"
source = "registry+https://github.com/rust-lang/crates.io-index"
checksum = "c17772156ef2829aadc587461c7753af20b7e8db1529bc66855add962a3b35d3"

[[package]]
name = "atomic-waker"
version = "1.0.0"
source = "registry+https://github.com/rust-lang/crates.io-index"
checksum = "065374052e7df7ee4047b1160cca5e1467a12351a40b3da123c870ba0b8eda2a"

[[package]]
name = "bitflags"
version = "1.2.1"
source = "registry+https://github.com/rust-lang/crates.io-index"
checksum = "cf1de2fe8c75bc145a2f577add951f8134889b4795d47466a54a5c846d691693"

[[package]]
name = "blocking"
version = "1.0.0"
source = "registry+https://github.com/rust-lang/crates.io-index"
checksum = "2640778f8053e72c11f621b0a5175a0560a269282aa98ed85107773ab8e2a556"
dependencies = [
 "async-channel",
 "atomic-waker",
 "fastrand",
 "futures-lite",
 "once_cell",
 "waker-fn",
]

[[package]]
name = "cache-padded"
version = "1.1.1"
source = "registry+https://github.com/rust-lang/crates.io-index"
checksum = "631ae5198c9be5e753e5cc215e1bd73c2b466a3565173db433f52bb9d3e66dba"

[[package]]
name = "cassowary"
version = "0.3.0"
source = "registry+https://github.com/rust-lang/crates.io-index"
checksum = "df8670b8c7b9dae1793364eafadf7239c40d669904660c5960d74cfd80b46a53"

[[package]]
name = "cc"
version = "1.0.60"
source = "registry+https://github.com/rust-lang/crates.io-index"
checksum = "ef611cc68ff783f18535d77ddd080185275713d852c4f5cbb6122c462a7a825c"
dependencies = [
 "jobserver",
]

[[package]]
name = "cfg-if"
version = "0.1.10"
source = "registry+https://github.com/rust-lang/crates.io-index"
checksum = "4785bdd1c96b2a846b2bd7cc02e86b6b3dbf14e7e53446c4f54c92a361040822"

[[package]]
name = "cloudabi"
version = "0.0.3"
source = "registry+https://github.com/rust-lang/crates.io-index"
checksum = "ddfc5b9aa5d4507acaf872de71051dfd0e309860e88966e1051e462a077aac4f"
dependencies = [
 "bitflags",
]

[[package]]
name = "concurrent-queue"
version = "1.2.2"
source = "registry+https://github.com/rust-lang/crates.io-index"
checksum = "30ed07550be01594c6026cff2a1d7fe9c8f683caa798e12b68694ac9e88286a3"
dependencies = [
 "cache-padded",
]

[[package]]
name = "crossterm"
version = "0.17.7"
source = "registry+https://github.com/rust-lang/crates.io-index"
checksum = "6f4919d60f26ae233e14233cc39746c8c8bb8cd7b05840ace83604917b51b6c7"
dependencies = [
 "bitflags",
 "crossterm_winapi",
 "futures-util",
 "lazy_static",
 "libc",
 "mio",
 "parking_lot",
 "signal-hook",
 "winapi",
]

[[package]]
name = "crossterm_winapi"
version = "0.6.1"
source = "registry+https://github.com/rust-lang/crates.io-index"
checksum = "057b7146d02fb50175fd7dbe5158f6097f33d02831f43b4ee8ae4ddf67b68f5c"
dependencies = [
 "winapi",
]

[[package]]
name = "enum-iterator"
version = "0.6.0"
source = "registry+https://github.com/rust-lang/crates.io-index"
checksum = "c79a6321a1197d7730510c7e3f6cb80432dfefecb32426de8cea0aa19b4bb8d7"
dependencies = [
 "enum-iterator-derive",
]

[[package]]
name = "enum-iterator-derive"
version = "0.6.0"
source = "registry+https://github.com/rust-lang/crates.io-index"
checksum = "1e94aa31f7c0dc764f57896dc615ddd76fc13b0d5dca7eb6cc5e018a5a09ec06"
dependencies = [
 "proc-macro2",
 "quote",
 "syn",
]

[[package]]
name = "event-listener"
version = "2.4.0"
source = "registry+https://github.com/rust-lang/crates.io-index"
checksum = "e1cd41440ae7e4734bbd42302f63eaba892afc93a3912dad84006247f0dedb0e"

[[package]]
name = "fastrand"
version = "1.3.5"
source = "registry+https://github.com/rust-lang/crates.io-index"
checksum = "5c85295147490b8fcf2ea3d104080a105a8b2c63f9c319e82c02d8e952388919"

[[package]]
name = "futf"
version = "0.1.4"
source = "registry+https://github.com/rust-lang/crates.io-index"
checksum = "7c9c1ce3fa9336301af935ab852c437817d14cd33690446569392e65170aac3b"
dependencies = [
 "mac",
 "new_debug_unreachable",
]

[[package]]
name = "futures-core"
version = "0.3.5"
source = "registry+https://github.com/rust-lang/crates.io-index"
checksum = "59f5fff90fd5d971f936ad674802482ba441b6f09ba5e15fd8b39145582ca399"

[[package]]
name = "futures-io"
version = "0.3.5"
source = "registry+https://github.com/rust-lang/crates.io-index"
checksum = "de27142b013a8e869c14957e6d2edeef89e97c289e69d042ee3a49acd8b51789"

[[package]]
name = "futures-lite"
version = "1.7.0"
source = "registry+https://github.com/rust-lang/crates.io-index"
checksum = "5b77e08e656f472d8ea84c472fa8b0a7a917883048e1cf2d4e34a323cd0aaf63"
dependencies = [
 "fastrand",
 "futures-core",
 "futures-io",
 "memchr",
 "parking",
 "pin-project-lite",
 "waker-fn",
]

[[package]]
name = "futures-task"
version = "0.3.5"
source = "registry+https://github.com/rust-lang/crates.io-index"
checksum = "bdb66b5f09e22019b1ab0830f7785bcea8e7a42148683f99214f73f8ec21a626"

[[package]]
name = "futures-util"
version = "0.3.5"
source = "registry+https://github.com/rust-lang/crates.io-index"
checksum = "8764574ff08b701a084482c3c7031349104b07ac897393010494beaa18ce32c6"
dependencies = [
 "futures-core",
 "futures-task",
 "pin-project",
 "pin-utils",
]

[[package]]
name = "heck"
version = "0.3.1"
source = "registry+https://github.com/rust-lang/crates.io-index"
checksum = "20564e78d53d2bb135c343b3f47714a56af2061f1c928fdb541dc7b9fdd94205"
dependencies = [
 "unicode-segmentation",
]

[[package]]
name = "helix-core"
version = "0.1.0"
dependencies = [
 "anyhow",
 "helix-syntax",
 "once_cell",
 "ropey",
 "smallvec",
 "tendril",
 "tree-sitter",
 "unicode-segmentation",
 "unicode-width",
]

[[package]]
name = "helix-syntax"
version = "0.1.0"
dependencies = [
 "cc",
 "enum-iterator",
 "tree-sitter",
]

[[package]]
name = "helix-term"
version = "0.1.0"
dependencies = [
 "anyhow",
 "argh",
 "crossterm",
 "helix-core",
 "helix-syntax",
 "num_cpus",
 "smol",
 "tui",
]

[[package]]
name = "hermit-abi"
version = "0.1.15"
source = "registry+https://github.com/rust-lang/crates.io-index"
checksum = "3deed196b6e7f9e44a2ae8d94225d80302d81208b1bb673fd21fe634645c85a9"
dependencies = [
 "libc",
]

[[package]]
name = "jobserver"
version = "0.1.21"
source = "registry+https://github.com/rust-lang/crates.io-index"
checksum = "5c71313ebb9439f74b00d9d2dcec36440beaf57a6aa0623068441dd7cd81a7f2"
dependencies = [
 "libc",
]

[[package]]
name = "lazy_static"
version = "1.4.0"
source = "registry+https://github.com/rust-lang/crates.io-index"
checksum = "e2abad23fbc42b3700f2f279844dc832adb2b2eb069b2df918f455c4e18cc646"

[[package]]
name = "libc"
version = "0.2.77"
source = "registry+https://github.com/rust-lang/crates.io-index"
checksum = "f2f96b10ec2560088a8e76961b00d47107b3a625fecb76dedb29ee7ccbf98235"

[[package]]
name = "lock_api"
version = "0.3.4"
source = "registry+https://github.com/rust-lang/crates.io-index"
checksum = "c4da24a77a3d8a6d4862d95f72e6fdb9c09a643ecdb402d754004a557f2bec75"
dependencies = [
 "scopeguard",
]

[[package]]
name = "log"
version = "0.4.11"
source = "registry+https://github.com/rust-lang/crates.io-index"
checksum = "4fabed175da42fed1fa0746b0ea71f412aa9d35e76e95e59b192c64b9dc2bf8b"
dependencies = [
 "cfg-if",
]

[[package]]
name = "mac"
version = "0.1.1"
source = "registry+https://github.com/rust-lang/crates.io-index"
checksum = "c41e0c4fef86961ac6d6f8a82609f55f31b05e4fce149ac5710e439df7619ba4"

[[package]]
name = "memchr"
version = "2.3.3"
source = "registry+https://github.com/rust-lang/crates.io-index"
checksum = "3728d817d99e5ac407411fa471ff9800a778d88a24685968b36824eaf4bee400"

[[package]]
name = "mio"
version = "0.7.0"
source = "registry+https://github.com/rust-lang/crates.io-index"
checksum = "6e9971bc8349a361217a8f2a41f5d011274686bd4436465ba51730921039d7fb"
dependencies = [
 "lazy_static",
 "libc",
 "log",
 "miow",
 "ntapi",
 "winapi",
]

[[package]]
name = "miow"
version = "0.3.5"
source = "registry+https://github.com/rust-lang/crates.io-index"
checksum = "07b88fb9795d4d36d62a012dfbf49a8f5cf12751f36d31a9dbe66d528e58979e"
dependencies = [
 "socket2",
 "winapi",
]

[[package]]
name = "nb-connect"
version = "1.0.0"
source = "registry+https://github.com/rust-lang/crates.io-index"
checksum = "e847c76b390f44529c2071ef06d0b52fbb4bdb04cc8987a5cfa63954c000abca"
dependencies = [
 "libc",
 "winapi",
]

[[package]]
name = "new_debug_unreachable"
version = "1.0.4"
source = "registry+https://github.com/rust-lang/crates.io-index"
checksum = "e4a24736216ec316047a1fc4252e27dabb04218aa4a3f37c6e7ddbf1f9782b54"

[[package]]
name = "ntapi"
version = "0.3.4"
source = "registry+https://github.com/rust-lang/crates.io-index"
checksum = "7a31937dea023539c72ddae0e3571deadc1414b300483fa7aaec176168cfa9d2"
dependencies = [
 "winapi",
]

[[package]]
name = "num_cpus"
version = "1.13.0"
source = "registry+https://github.com/rust-lang/crates.io-index"
checksum = "05499f3756671c15885fee9034446956fff3f243d6077b91e5767df161f766b3"
dependencies = [
 "hermit-abi",
 "libc",
]

[[package]]
name = "once_cell"
version = "1.4.1"
source = "registry+https://github.com/rust-lang/crates.io-index"
checksum = "260e51e7efe62b592207e9e13a68e43692a7a279171d6ba57abd208bf23645ad"

[[package]]
name = "parking"
version = "2.0.0"
source = "registry+https://github.com/rust-lang/crates.io-index"
checksum = "427c3892f9e783d91cc128285287e70a59e206ca452770ece88a76f7a3eddd72"

[[package]]
name = "parking_lot"
version = "0.10.2"
source = "registry+https://github.com/rust-lang/crates.io-index"
checksum = "d3a704eb390aafdc107b0e392f56a82b668e3a71366993b5340f5833fd62505e"
dependencies = [
 "lock_api",
 "parking_lot_core",
]

[[package]]
name = "parking_lot_core"
version = "0.7.2"
source = "registry+https://github.com/rust-lang/crates.io-index"
checksum = "d58c7c768d4ba344e3e8d72518ac13e259d7c7ade24167003b8488e10b6740a3"
dependencies = [
 "cfg-if",
 "cloudabi",
 "libc",
 "redox_syscall",
 "smallvec",
 "winapi",
]

[[package]]
name = "pin-project"
version = "0.4.23"
source = "registry+https://github.com/rust-lang/crates.io-index"
checksum = "ca4433fff2ae79342e497d9f8ee990d174071408f28f726d6d83af93e58e48aa"
dependencies = [
 "pin-project-internal",
]

[[package]]
name = "pin-project-internal"
version = "0.4.23"
source = "registry+https://github.com/rust-lang/crates.io-index"
checksum = "2c0e815c3ee9a031fdf5af21c10aa17c573c9c6a566328d99e3936c34e36461f"
dependencies = [
 "proc-macro2",
 "quote",
 "syn",
]

[[package]]
name = "pin-project-lite"
version = "0.1.7"
source = "registry+https://github.com/rust-lang/crates.io-index"
checksum = "282adbf10f2698a7a77f8e983a74b2d18176c19a7fd32a45446139ae7b02b715"

[[package]]
name = "pin-utils"
version = "0.1.0"
source = "registry+https://github.com/rust-lang/crates.io-index"
checksum = "8b870d8c151b6f2fb93e84a13146138f05d02ed11c7e7c54f8826aaaf7c9f184"

[[package]]
name = "polling"
version = "1.0.3"
source = "registry+https://github.com/rust-lang/crates.io-index"
checksum = "0307b8c7f438902536321f63c28cab0362f6ee89f1c7da47e3642ff956641c8b"
dependencies = [
 "cfg-if",
 "libc",
 "log",
 "wepoll-sys-stjepang",
 "winapi",
]

[[package]]
name = "proc-macro2"
version = "1.0.21"
source = "registry+https://github.com/rust-lang/crates.io-index"
checksum = "36e28516df94f3dd551a587da5357459d9b36d945a7c37c3557928c1c2ff2a2c"
dependencies = [
 "unicode-xid",
]

[[package]]
name = "quote"
version = "1.0.7"
source = "registry+https://github.com/rust-lang/crates.io-index"
checksum = "aa563d17ecb180e500da1cfd2b028310ac758de548efdd203e18f283af693f37"
dependencies = [
 "proc-macro2",
]

[[package]]
name = "redox_syscall"
version = "0.1.57"
source = "registry+https://github.com/rust-lang/crates.io-index"
checksum = "41cc0f7e4d5d4544e8861606a285bb08d3e70712ccc7d2b84d7c0ccfaf4b05ce"

[[package]]
name = "regex"
version = "1.3.9"
source = "registry+https://github.com/rust-lang/crates.io-index"
checksum = "9c3780fcf44b193bc4d09f36d2a3c87b251da4a046c87795a0d35f4f927ad8e6"
dependencies = [
 "aho-corasick",
 "memchr",
 "regex-syntax",
 "thread_local",
]

[[package]]
name = "regex-syntax"
version = "0.6.18"
source = "registry+https://github.com/rust-lang/crates.io-index"
checksum = "26412eb97c6b088a6997e05f69403a802a92d520de2f8e63c2b65f9e0f47c4e8"

[[package]]
name = "ropey"
version = "1.2.0"
source = "registry+https://github.com/rust-lang/crates.io-index"
checksum = "f0f3ef16589fdbb3e8fbce3dca944c08e61f39c7f16064b21a257d68ea911a83"
dependencies = [
 "smallvec",
]

[[package]]
name = "scopeguard"
version = "1.1.0"
source = "registry+https://github.com/rust-lang/crates.io-index"
checksum = "d29ab0c6d3fc0ee92fe66e2d99f700eab17a8d57d1c1d3b748380fb20baa78cd"

[[package]]
name = "signal-hook"
version = "0.1.16"
source = "registry+https://github.com/rust-lang/crates.io-index"
checksum = "604508c1418b99dfe1925ca9224829bb2a8a9a04dda655cc01fcad46f4ab05ed"
dependencies = [
 "libc",
 "mio",
 "signal-hook-registry",
]

[[package]]
name = "signal-hook-registry"
version = "1.2.1"
source = "registry+https://github.com/rust-lang/crates.io-index"
checksum = "a3e12110bc539e657a646068aaf5eb5b63af9d0c1f7b29c97113fad80e15f035"
dependencies = [
 "arc-swap",
 "libc",
]

[[package]]
name = "smallvec"
version = "1.4.2"
source = "registry+https://github.com/rust-lang/crates.io-index"
checksum = "fbee7696b84bbf3d89a1c2eccff0850e3047ed46bfcd2e92c29a2d074d57e252"

[[package]]
name = "smol"
version = "1.0.1"
source = "registry+https://github.com/rust-lang/crates.io-index"
checksum = "712d02afa6ac9e7b8c777fd181aff476d009280b54b8c28703d10fa5d7e80d83"
dependencies = [
 "async-channel",
 "async-executor",
 "async-fs",
 "async-io",
 "async-lock",
 "async-net",
 "async-process",
 "blocking",
 "futures-lite",
 "once_cell",
]

[[package]]
name = "socket2"
version = "0.3.15"
source = "registry+https://github.com/rust-lang/crates.io-index"
checksum = "b1fa70dc5c8104ec096f4fe7ede7a221d35ae13dcd19ba1ad9a81d2cab9a1c44"
dependencies = [
 "cfg-if",
 "libc",
 "redox_syscall",
 "winapi",
]

[[package]]
name = "syn"
version = "1.0.41"
source = "registry+https://github.com/rust-lang/crates.io-index"
checksum = "6690e3e9f692504b941dc6c3b188fd28df054f7fb8469ab40680df52fdcc842b"
dependencies = [
 "proc-macro2",
 "quote",
 "unicode-xid",
]

[[package]]
name = "tendril"
version = "0.4.1"
source = "git+https://github.com/servo/tendril#9532724c32a0bf5e65acb56209373d97223bc530"
dependencies = [
 "futf",
 "mac",
 "utf-8",
]

[[package]]
name = "thread_local"
version = "1.0.1"
source = "registry+https://github.com/rust-lang/crates.io-index"
checksum = "d40c6d1b69745a6ec6fb1ca717914848da4b44ae29d9b3080cbee91d72a69b14"
dependencies = [
 "lazy_static",
]

[[package]]
name = "tree-sitter"
version = "0.16.1"
source = "registry+https://github.com/rust-lang/crates.io-index"
checksum = "1df33680edb07e4fb76edcbdd9c7b849b96709fb878afcf0ada678d6bda167af"
dependencies = [
 "cc",
 "regex",
]

[[package]]
name = "tui"
version = "0.10.0"
source = "registry+https://github.com/rust-lang/crates.io-index"
checksum = "a977b0bb2e2033a6fef950f218f13622c3c34e59754b704ce3492dedab1dfe95"
dependencies = [
 "bitflags",
 "cassowary",
 "crossterm",
 "unicode-segmentation",
 "unicode-width",
]

[[package]]
name = "unicode-segmentation"
version = "1.6.0"
source = "registry+https://github.com/rust-lang/crates.io-index"
checksum = "e83e153d1053cbb5a118eeff7fd5be06ed99153f00dbcd8ae310c5fb2b22edc0"

[[package]]
name = "unicode-width"
version = "0.1.8"
source = "registry+https://github.com/rust-lang/crates.io-index"
checksum = "9337591893a19b88d8d87f2cec1e73fad5cdfd10e5a6f349f498ad6ea2ffb1e3"

[[package]]
name = "unicode-xid"
version = "0.2.1"
source = "registry+https://github.com/rust-lang/crates.io-index"
checksum = "f7fe0bb3479651439c9112f72b6c505038574c9fbb575ed1bf3b797fa39dd564"

[[package]]
name = "utf-8"
version = "0.7.5"
source = "registry+https://github.com/rust-lang/crates.io-index"
checksum = "05e42f7c18b8f902290b009cde6d651262f956c98bc51bca4cd1d511c9cd85c7"

[[package]]
name = "vec-arena"
version = "1.0.0"
source = "registry+https://github.com/rust-lang/crates.io-index"
checksum = "eafc1b9b2dfc6f5529177b62cf806484db55b32dc7c9658a118e11bbeb33061d"

[[package]]
name = "waker-fn"
version = "1.1.0"
source = "registry+https://github.com/rust-lang/crates.io-index"
checksum = "9d5b2c62b4012a3e1eca5a7e077d13b3bf498c4073e33ccd58626607748ceeca"

[[package]]
name = "wepoll-sys-stjepang"
version = "1.0.8"
source = "registry+https://github.com/rust-lang/crates.io-index"
checksum = "1fdfbb03f290ca0b27922e8d48a0997b4ceea12df33269b9f75e713311eb178d"
dependencies = [
 "cc",
]

[[package]]
name = "winapi"
version = "0.3.9"
source = "registry+https://github.com/rust-lang/crates.io-index"
checksum = "5c839a674fcd7a98952e593242ea400abe93992746761e38641405d28b00f419"
dependencies = [
 "winapi-i686-pc-windows-gnu",
 "winapi-x86_64-pc-windows-gnu",
]

[[package]]
name = "winapi-i686-pc-windows-gnu"
version = "0.4.0"
source = "registry+https://github.com/rust-lang/crates.io-index"
checksum = "ac3b87c63620426dd9b991e5ce0329eff545bccbbb34f3be09ff6fb6ab51b7b6"

[[package]]
name = "winapi-x86_64-pc-windows-gnu"
version = "0.4.0"
source = "registry+https://github.com/rust-lang/crates.io-index"
checksum = "712e227841d057c1ee1cd2fb22fa7e5a5461ae8e48fa2ca79ec42cfc1931183f"
