{
  "nodes": {
    "flake-utils": {
      "locked": {
        "lastModified": 1614513358,
        "narHash": "sha256-LakhOx3S1dRjnh0b5Dg3mbZyH0ToC9I8Y2wKSkBaTzU=",
        "owner": "numtide",
        "repo": "flake-utils",
        "rev": "5466c5bbece17adaab2d82fae80b46e807611bf3",
        "type": "github"
      },
      "original": {
        "owner": "numtide",
        "repo": "flake-utils",
        "type": "github"
      }
    },
    "flake-utils_2": {
      "locked": {
        "lastModified": 1609246779,
        "narHash": "sha256-eq6ZXE/VWo3EMC65jmIT6H/rrUc9UWOWVujkzav025k=",
        "owner": "numtide",
        "repo": "flake-utils",
        "rev": "08c7ad4a0844adc4a7f9f5bb3beae482e789afa4",
        "type": "github"
      },
      "original": {
        "owner": "numtide",
        "repo": "flake-utils",
        "type": "github"
      }
    },
    "naersk": {
      "inputs": {
        "nixpkgs": "nixpkgs"
      },
      "locked": {
        "lastModified": 1614785451,
        "narHash": "sha256-TPw8kQvr2UNCuvndtY+EjyXp6Q5GEW2l9UafXXh1XmI=",
        "owner": "nmattia",
        "repo": "naersk",
        "rev": "e0fe990b478a66178a58c69cf53daec0478ca6f9",
        "type": "github"
      },
      "original": {
        "owner": "nmattia",
        "repo": "naersk",
        "type": "github"
      }
    },
    "nixpkgs": {
      "locked": {
        "lastModified": 1616670887,
        "narHash": "sha256-wn+l9qJfR5sj5Gq4DheJHAcBDfOs9K2p9seW2f35xzs=",
        "path": "/nix/store/54xsxxsx2vmlyfw4q2ads0jv3iayv1lc-source",
        "rev": "c0e881852006b132236cbf0301bd1939bb50867e",
        "type": "path"
      },
      "original": {
        "id": "nixpkgs",
        "type": "indirect"
      }
    },
    "nixpkgs_2": {
      "locked": {
        "lastModified": 1617082367,
        "narHash": "sha256-W0cQPGjc4IVzryaGycuoS8KZkXafS1P23w/fcKLoD5Y=",
        "owner": "nixos",
        "repo": "nixpkgs",
        "rev": "04a2b269d8921505a2969fc9ec25c1f517f2b307",
        "type": "github"
      },
      "original": {
        "owner": "nixos",
        "ref": "nixos-unstable",
        "repo": "nixpkgs",
        "type": "github"
      }
    },
    "nixpkgs_3": {
      "locked": {
        "lastModified": 1609079092,
        "narHash": "sha256-KhyKfxBHtZlAgudpZ0EJVzeuqROjKfVOwj8j0cuhU50=",
        "path": "/nix/store/5pmay8rdvgw5ml1xi6189xhdbygc850k-source",
        "rev": "2f47650c2f28d87f86ab807b8a339c684d91ec56",
        "type": "path"
      },
      "original": {
        "id": "nixpkgs",
        "type": "indirect"
      }
    },
    "root": {
      "inputs": {
        "flake-utils": "flake-utils",
        "naersk": "naersk",
        "nixpkgs": "nixpkgs_2",
        "rust-overlay": "rust-overlay"
      }
    },
    "rust-overlay": {
      "inputs": {
        "flake-utils": "flake-utils_2",
        "nixpkgs": "nixpkgs_3"
      },
      "locked": {
        "lastModified": 1617244077,
        "narHash": "sha256-lAOLV0ZlulxLxLyldRuTx187/c/SDLoRH6TsrUzZsB0=",
        "owner": "oxalica",
        "repo": "rust-overlay",
        "rev": "f18edbcb270b5245455bab58b721e4d748963b09",
        "type": "github"
      },
      "original": {
        "owner": "oxalica",
        "repo": "rust-overlay",
        "type": "github"
      }
    }
  },
  "root": "root",
  "version": 7
}
