{
    "name": "helix-web",
    "lockfileVersion": 3,
    "requires": true,
    "packages": {
        "": {
            "dependencies": {
                "xterm": "^5.3.0",
                "xterm-addon-fit": "^0.8.0",
                "xterm-addon-webgl": "^0.16.0"
            }
        },
        "node_modules/xterm": {
            "version": "5.3.0",
            "resolved": "https://registry.npmjs.org/xterm/-/xterm-5.3.0.tgz",
            "integrity": "sha512-8QqjlekLUFTrU6x7xck1MsPzPA571K5zNqWm0M0oroYEWVOptZ0+ubQSkQ3uxIEhcIHRujJy6emDWX4A7qyFzg=="
        },
        "node_modules/xterm-addon-fit": {
            "version": "0.8.0",
            "resolved": "https://registry.npmjs.org/xterm-addon-fit/-/xterm-addon-fit-0.8.0.tgz",
            "integrity": "sha512-yj3Np7XlvxxhYF/EJ7p3KHaMt6OdwQ+HDu573Vx1lRXsVxOcnVJs51RgjZOouIZOczTsskaS+CpXspK81/DLqw==",
            "peerDependencies": {
                "xterm": "^5.0.0"
            }
        },
        "node_modules/xterm-addon-webgl": {
            "version": "0.16.0",
            "resolved": "https://registry.npmjs.org/xterm-addon-webgl/-/xterm-addon-webgl-0.16.0.tgz",
            "integrity": "sha512-E8cq1AiqNOv0M/FghPT+zPAEnvIQRDbAbkb04rRYSxUym69elPWVJ4sv22FCLBqM/3LcrmBLl/pELnBebVFKgA==",
            "peerDependencies": {
                "xterm": "^5.0.0"
            }
        }
    }
}
